// !$*UTF8*$!
{
	archiveVersion = 1;
	classes = {
	};
	objectVersion = 55;
	objects = {

/* Begin PBXBuildFile section */
		93A3C62228C9012200D9CFA1 /* AppDelegate.swift in Sources */ = {isa = PBXBuildFile; fileRef = 93A3C62128C9012200D9CFA1 /* AppDelegate.swift */; };
		93A3C62428C9012200D9CFA1 /* SceneDelegate.swift in Sources */ = {isa = PBXBuildFile; fileRef = 93A3C62328C9012200D9CFA1 /* SceneDelegate.swift */; };
		93A3C62628C9012200D9CFA1 /* AlbumsViewController.swift in Sources */ = {isa = PBXBuildFile; fileRef = 93A3C62528C9012200D9CFA1 /* AlbumsViewController.swift */; };
		93A3C62B28C9012500D9CFA1 /* Assets.xcassets in Resources */ = {isa = PBXBuildFile; fileRef = 93A3C62A28C9012500D9CFA1 /* Assets.xcassets */; };
		93A3C63C28C9064C00D9CFA1 /* SnapKit in Frameworks */ = {isa = PBXBuildFile; productRef = 93A3C63B28C9064C00D9CFA1 /* SnapKit */; };
		93A3C63E28C90D5900D9CFA1 /* TabBarController.swift in Sources */ = {isa = PBXBuildFile; fileRef = 93A3C63D28C90D5900D9CFA1 /* TabBarController.swift */; };
		93A3C64028C9136000D9CFA1 /* LibraryTabBarViewController.swift in Sources */ = {isa = PBXBuildFile; fileRef = 93A3C63F28C9136000D9CFA1 /* LibraryTabBarViewController.swift */; };
		93A3C64228C913AB00D9CFA1 /* ForYouTabBarViewController.swift in Sources */ = {isa = PBXBuildFile; fileRef = 93A3C64128C913AB00D9CFA1 /* ForYouTabBarViewController.swift */; };
		93A3C64428C913E700D9CFA1 /* SearchTabBarViewController.swift in Sources */ = {isa = PBXBuildFile; fileRef = 93A3C64328C913E700D9CFA1 /* SearchTabBarViewController.swift */; };
/* End PBXBuildFile section */

/* Begin PBXFileReference section */
		93A3C61E28C9012200D9CFA1 /* iOS Photos App.app */ = {isa = PBXFileReference; explicitFileType = wrapper.application; includeInIndex = 0; path = "iOS Photos App.app"; sourceTree = BUILT_PRODUCTS_DIR; };
		93A3C62128C9012200D9CFA1 /* AppDelegate.swift */ = {isa = PBXFileReference; lastKnownFileType = sourcecode.swift; path = AppDelegate.swift; sourceTree = "<group>"; };
		93A3C62328C9012200D9CFA1 /* SceneDelegate.swift */ = {isa = PBXFileReference; lastKnownFileType = sourcecode.swift; path = SceneDelegate.swift; sourceTree = "<group>"; };
		93A3C62528C9012200D9CFA1 /* AlbumsViewController.swift */ = {isa = PBXFileReference; lastKnownFileType = sourcecode.swift; path = AlbumsViewController.swift; sourceTree = "<group>"; };
		93A3C62A28C9012500D9CFA1 /* Assets.xcassets */ = {isa = PBXFileReference; lastKnownFileType = folder.assetcatalog; path = Assets.xcassets; sourceTree = "<group>"; };
		93A3C62F28C9012500D9CFA1 /* Info.plist */ = {isa = PBXFileReference; lastKnownFileType = text.plist.xml; path = Info.plist; sourceTree = "<group>"; };
		93A3C63D28C90D5900D9CFA1 /* TabBarController.swift */ = {isa = PBXFileReference; lastKnownFileType = sourcecode.swift; path = TabBarController.swift; sourceTree = "<group>"; };
		93A3C63F28C9136000D9CFA1 /* LibraryTabBarViewController.swift */ = {isa = PBXFileReference; lastKnownFileType = sourcecode.swift; path = LibraryTabBarViewController.swift; sourceTree = "<group>"; };
		93A3C64128C913AB00D9CFA1 /* ForYouTabBarViewController.swift */ = {isa = PBXFileReference; lastKnownFileType = sourcecode.swift; path = ForYouTabBarViewController.swift; sourceTree = "<group>"; };
		93A3C64328C913E700D9CFA1 /* SearchTabBarViewController.swift */ = {isa = PBXFileReference; lastKnownFileType = sourcecode.swift; path = SearchTabBarViewController.swift; sourceTree = "<group>"; };
/* End PBXFileReference section */

/* Begin PBXFrameworksBuildPhase section */
		93A3C61B28C9012200D9CFA1 /* Frameworks */ = {
			isa = PBXFrameworksBuildPhase;
			buildActionMask = 2147483647;
			files = (
				93A3C63C28C9064C00D9CFA1 /* SnapKit in Frameworks */,
			);
			runOnlyForDeploymentPostprocessing = 0;
		};
/* End PBXFrameworksBuildPhase section */

/* Begin PBXGroup section */
		93A3C61528C9012200D9CFA1 = {
			isa = PBXGroup;
			children = (
				93A3C62028C9012200D9CFA1 /* iOS Photos App */,
				93A3C61F28C9012200D9CFA1 /* Products */,
			);
			sourceTree = "<group>";
		};
		93A3C61F28C9012200D9CFA1 /* Products */ = {
			isa = PBXGroup;
			children = (
				93A3C61E28C9012200D9CFA1 /* iOS Photos App.app */,
			);
			name = Products;
			sourceTree = "<group>";
		};
		93A3C62028C9012200D9CFA1 /* iOS Photos App */ = {
			isa = PBXGroup;
			children = (
				93A3C63528C9035A00D9CFA1 /* Resource */,
				93A3C63728C9037C00D9CFA1 /* Sources */,
			);
			path = "iOS Photos App";
			sourceTree = "<group>";
		};
		93A3C63528C9035A00D9CFA1 /* Resource */ = {
			isa = PBXGroup;
			children = (
				93A3C62A28C9012500D9CFA1 /* Assets.xcassets */,
				93A3C63628C9036F00D9CFA1 /* Configuration */,
			);
			path = Resource;
			sourceTree = "<group>";
		};
		93A3C63628C9036F00D9CFA1 /* Configuration */ = {
			isa = PBXGroup;
			children = (
				93A3C62F28C9012500D9CFA1 /* Info.plist */,
			);
			path = Configuration;
			sourceTree = "<group>";
		};
		93A3C63728C9037C00D9CFA1 /* Sources */ = {
			isa = PBXGroup;
			children = (
				93A3C63928C903A000D9CFA1 /* View */,
				93A3C63828C9038A00D9CFA1 /* App */,
			);
			path = Sources;
			sourceTree = "<group>";
		};
		93A3C63828C9038A00D9CFA1 /* App */ = {
			isa = PBXGroup;
			children = (
				93A3C62128C9012200D9CFA1 /* AppDelegate.swift */,
				93A3C62328C9012200D9CFA1 /* SceneDelegate.swift */,
			);
			path = App;
			sourceTree = "<group>";
		};
		93A3C63928C903A000D9CFA1 /* View */ = {
			isa = PBXGroup;
			children = (
				93A3C63F28C9136000D9CFA1 /* LibraryTabBarViewController.swift */,
				93A3C64128C913AB00D9CFA1 /* ForYouTabBarViewController.swift */,
				93A3C62528C9012200D9CFA1 /* AlbumsViewController.swift */,
				93A3C64328C913E700D9CFA1 /* SearchTabBarViewController.swift */,
				93A3C63D28C90D5900D9CFA1 /* TabBarController.swift */,
			);
			path = View;
			sourceTree = "<group>";
		};
/* End PBXGroup section */

/* Begin PBXNativeTarget section */
		93A3C61D28C9012200D9CFA1 /* iOS Photos App */ = {
			isa = PBXNativeTarget;
			buildConfigurationList = 93A3C63228C9012500D9CFA1 /* Build configuration list for PBXNativeTarget "iOS Photos App" */;
			buildPhases = (
				93A3C61A28C9012200D9CFA1 /* Sources */,
				93A3C61B28C9012200D9CFA1 /* Frameworks */,
				93A3C61C28C9012200D9CFA1 /* Resources */,
			);
			buildRules = (
			);
			dependencies = (
			);
			name = "iOS Photos App";
			packageProductDependencies = (
				93A3C63B28C9064C00D9CFA1 /* SnapKit */,
			);
			productName = "iOS Photos App";
			productReference = 93A3C61E28C9012200D9CFA1 /* iOS Photos App.app */;
			productType = "com.apple.product-type.application";
		};
/* End PBXNativeTarget section */

/* Begin PBXProject section */
		93A3C61628C9012200D9CFA1 /* Project object */ = {
			isa = PBXProject;
			attributes = {
				BuildIndependentTargetsInParallel = 1;
				LastSwiftUpdateCheck = 1340;
				LastUpgradeCheck = 1340;
				TargetAttributes = {
					93A3C61D28C9012200D9CFA1 = {
						CreatedOnToolsVersion = 13.4.1;
					};
				};
			};
			buildConfigurationList = 93A3C61928C9012200D9CFA1 /* Build configuration list for PBXProject "iOS Photos App" */;
			compatibilityVersion = "Xcode 13.0";
			developmentRegion = en;
			hasScannedForEncodings = 0;
			knownRegions = (
				en,
				Base,
			);
			mainGroup = 93A3C61528C9012200D9CFA1;
			packageReferences = (
				93A3C63A28C9064B00D9CFA1 /* XCRemoteSwiftPackageReference "SnapKit" */,
			);
			productRefGroup = 93A3C61F28C9012200D9CFA1 /* Products */;
			projectDirPath = "";
			projectRoot = "";
			targets = (
				93A3C61D28C9012200D9CFA1 /* iOS Photos App */,
			);
		};
/* End PBXProject section */

/* Begin PBXResourcesBuildPhase section */
		93A3C61C28C9012200D9CFA1 /* Resources */ = {
			isa = PBXResourcesBuildPhase;
			buildActionMask = 2147483647;
			files = (
				93A3C62B28C9012500D9CFA1 /* Assets.xcassets in Resources */,
			);
			runOnlyForDeploymentPostprocessing = 0;
		};
/* End PBXResourcesBuildPhase section */

/* Begin PBXSourcesBuildPhase section */
		93A3C61A28C9012200D9CFA1 /* Sources */ = {
			isa = PBXSourcesBuildPhase;
			buildActionMask = 2147483647;
			files = (
				93A3C64028C9136000D9CFA1 /* LibraryTabBarViewController.swift in Sources */,
				93A3C64428C913E700D9CFA1 /* SearchTabBarViewController.swift in Sources */,
				93A3C62628C9012200D9CFA1 /* AlbumsViewController.swift in Sources */,
				93A3C64228C913AB00D9CFA1 /* ForYouTabBarViewController.swift in Sources */,
				93A3C63E28C90D5900D9CFA1 /* TabBarController.swift in Sources */,
				93A3C62228C9012200D9CFA1 /* AppDelegate.swift in Sources */,
				93A3C62428C9012200D9CFA1 /* SceneDelegate.swift in Sources */,
			);
			runOnlyForDeploymentPostprocessing = 0;
		};
/* End PBXSourcesBuildPhase section */

/* Begin XCBuildConfiguration section */
		93A3C63028C9012500D9CFA1 /* Debug */ = {
			isa = XCBuildConfiguration;
			buildSettings = {
				ALWAYS_SEARCH_USER_PATHS = NO;
				CLANG_ANALYZER_NONNULL = YES;
				CLANG_ANALYZER_NUMBER_OBJECT_CONVERSION = YES_AGGRESSIVE;
				CLANG_CXX_LANGUAGE_STANDARD = "gnu++17";
				CLANG_ENABLE_MODULES = YES;
				CLANG_ENABLE_OBJC_ARC = YES;
				CLANG_ENABLE_OBJC_WEAK = YES;
				CLANG_WARN_BLOCK_CAPTURE_AUTORELEASING = YES;
				CLANG_WARN_BOOL_CONVERSION = YES;
				CLANG_WARN_COMMA = YES;
				CLANG_WARN_CONSTANT_CONVERSION = YES;
				CLANG_WARN_DEPRECATED_OBJC_IMPLEMENTATIONS = YES;
				CLANG_WARN_DIRECT_OBJC_ISA_USAGE = YES_ERROR;
				CLANG_WARN_DOCUMENTATION_COMMENTS = YES;
				CLANG_WARN_EMPTY_BODY = YES;
				CLANG_WARN_ENUM_CONVERSION = YES;
				CLANG_WARN_INFINITE_RECURSION = YES;
				CLANG_WARN_INT_CONVERSION = YES;
				CLANG_WARN_NON_LITERAL_NULL_CONVERSION = YES;
				CLANG_WARN_OBJC_IMPLICIT_RETAIN_SELF = YES;
				CLANG_WARN_OBJC_LITERAL_CONVERSION = YES;
				CLANG_WARN_OBJC_ROOT_CLASS = YES_ERROR;
				CLANG_WARN_QUOTED_INCLUDE_IN_FRAMEWORK_HEADER = YES;
				CLANG_WARN_RANGE_LOOP_ANALYSIS = YES;
				CLANG_WARN_STRICT_PROTOTYPES = YES;
				CLANG_WARN_SUSPICIOUS_MOVE = YES;
				CLANG_WARN_UNGUARDED_AVAILABILITY = YES_AGGRESSIVE;
				CLANG_WARN_UNREACHABLE_CODE = YES;
				CLANG_WARN__DUPLICATE_METHOD_MATCH = YES;
				COPY_PHASE_STRIP = NO;
				DEBUG_INFORMATION_FORMAT = dwarf;
				ENABLE_STRICT_OBJC_MSGSEND = YES;
				ENABLE_TESTABILITY = YES;
				GCC_C_LANGUAGE_STANDARD = gnu11;
				GCC_DYNAMIC_NO_PIC = NO;
				GCC_NO_COMMON_BLOCKS = YES;
				GCC_OPTIMIZATION_LEVEL = 0;
				GCC_PREPROCESSOR_DEFINITIONS = (
					"DEBUG=1",
					"$(inherited)",
				);
				GCC_WARN_64_TO_32_BIT_CONVERSION = YES;
				GCC_WARN_ABOUT_RETURN_TYPE = YES_ERROR;
				GCC_WARN_UNDECLARED_SELECTOR = YES;
				GCC_WARN_UNINITIALIZED_AUTOS = YES_AGGRESSIVE;
				GCC_WARN_UNUSED_FUNCTION = YES;
				GCC_WARN_UNUSED_VARIABLE = YES;
				IPHONEOS_DEPLOYMENT_TARGET = 15.5;
				MTL_ENABLE_DEBUG_INFO = INCLUDE_SOURCE;
				MTL_FAST_MATH = YES;
				ONLY_ACTIVE_ARCH = YES;
				SDKROOT = iphoneos;
				SWIFT_ACTIVE_COMPILATION_CONDITIONS = DEBUG;
				SWIFT_OPTIMIZATION_LEVEL = "-Onone";
			};
			name = Debug;
		};
		93A3C63128C9012500D9CFA1 /* Release */ = {
			isa = XCBuildConfiguration;
			buildSettings = {
				ALWAYS_SEARCH_USER_PATHS = NO;
				CLANG_ANALYZER_NONNULL = YES;
				CLANG_ANALYZER_NUMBER_OBJECT_CONVERSION = YES_AGGRESSIVE;
				CLANG_CXX_LANGUAGE_STANDARD = "gnu++17";
				CLANG_ENABLE_MODULES = YES;
				CLANG_ENABLE_OBJC_ARC = YES;
				CLANG_ENABLE_OBJC_WEAK = YES;
				CLANG_WARN_BLOCK_CAPTURE_AUTORELEASING = YES;
				CLANG_WARN_BOOL_CONVERSION = YES;
				CLANG_WARN_COMMA = YES;
				CLANG_WARN_CONSTANT_CONVERSION = YES;
				CLANG_WARN_DEPRECATED_OBJC_IMPLEMENTATIONS = YES;
				CLANG_WARN_DIRECT_OBJC_ISA_USAGE = YES_ERROR;
				CLANG_WARN_DOCUMENTATION_COMMENTS = YES;
				CLANG_WARN_EMPTY_BODY = YES;
				CLANG_WARN_ENUM_CONVERSION = YES;
				CLANG_WARN_INFINITE_RECURSION = YES;
				CLANG_WARN_INT_CONVERSION = YES;
				CLANG_WARN_NON_LITERAL_NULL_CONVERSION = YES;
				CLANG_WARN_OBJC_IMPLICIT_RETAIN_SELF = YES;
				CLANG_WARN_OBJC_LITERAL_CONVERSION = YES;
				CLANG_WARN_OBJC_ROOT_CLASS = YES_ERROR;
				CLANG_WARN_QUOTED_INCLUDE_IN_FRAMEWORK_HEADER = YES;
				CLANG_WARN_RANGE_LOOP_ANALYSIS = YES;
				CLANG_WARN_STRICT_PROTOTYPES = YES;
				CLANG_WARN_SUSPICIOUS_MOVE = YES;
				CLANG_WARN_UNGUARDED_AVAILABILITY = YES_AGGRESSIVE;
				CLANG_WARN_UNREACHABLE_CODE = YES;
				CLANG_WARN__DUPLICATE_METHOD_MATCH = YES;
				COPY_PHASE_STRIP = NO;
				DEBUG_INFORMATION_FORMAT = "dwarf-with-dsym";
				ENABLE_NS_ASSERTIONS = NO;
				ENABLE_STRICT_OBJC_MSGSEND = YES;
				GCC_C_LANGUAGE_STANDARD = gnu11;
				GCC_NO_COMMON_BLOCKS = YES;
				GCC_WARN_64_TO_32_BIT_CONVERSION = YES;
				GCC_WARN_ABOUT_RETURN_TYPE = YES_ERROR;
				GCC_WARN_UNDECLARED_SELECTOR = YES;
				GCC_WARN_UNINITIALIZED_AUTOS = YES_AGGRESSIVE;
				GCC_WARN_UNUSED_FUNCTION = YES;
				GCC_WARN_UNUSED_VARIABLE = YES;
				IPHONEOS_DEPLOYMENT_TARGET = 15.5;
				MTL_ENABLE_DEBUG_INFO = NO;
				MTL_FAST_MATH = YES;
				SDKROOT = iphoneos;
				SWIFT_COMPILATION_MODE = wholemodule;
				SWIFT_OPTIMIZATION_LEVEL = "-O";
				VALIDATE_PRODUCT = YES;
			};
			name = Release;
		};
		93A3C63328C9012500D9CFA1 /* Debug */ = {
			isa = XCBuildConfiguration;
			buildSettings = {
				ASSETCATALOG_COMPILER_APPICON_NAME = AppIcon;
				ASSETCATALOG_COMPILER_GLOBAL_ACCENT_COLOR_NAME = AccentColor;
				CODE_SIGN_STYLE = Automatic;
				CURRENT_PROJECT_VERSION = 1;
				DEVELOPMENT_TEAM = JVGS8KMH8X;
				GENERATE_INFOPLIST_FILE = YES;
				INFOPLIST_FILE = "iOS Photos App/Info.plist";
				INFOPLIST_KEY_UIApplicationSupportsIndirectInputEvents = YES;
				INFOPLIST_KEY_UILaunchStoryboardName = LaunchScreen;
				INFOPLIST_KEY_UISupportedInterfaceOrientations_iPad = "UIInterfaceOrientationPortrait UIInterfaceOrientationPortraitUpsideDown UIInterfaceOrientationLandscapeLeft UIInterfaceOrientationLandscapeRight";
				INFOPLIST_KEY_UISupportedInterfaceOrientations_iPhone = "UIInterfaceOrientationPortrait UIInterfaceOrientationLandscapeLeft UIInterfaceOrientationLandscapeRight";
				LD_RUNPATH_SEARCH_PATHS = (
					"$(inherited)",
					"@executable_path/Frameworks",
				);
				MARKETING_VERSION = 1.0;
				PRODUCT_BUNDLE_IDENTIFIER = "com.my.iOS-Photos-App";
				PRODUCT_NAME = "$(TARGET_NAME)";
				SWIFT_EMIT_LOC_STRINGS = YES;
				SWIFT_VERSION = 5.0;
				TARGETED_DEVICE_FAMILY = "1,2";
			};
			name = Debug;
		};
		93A3C63428C9012500D9CFA1 /* Release */ = {
			isa = XCBuildConfiguration;
			buildSettings = {
				ASSETCATALOG_COMPILER_APPICON_NAME = AppIcon;
				ASSETCATALOG_COMPILER_GLOBAL_ACCENT_COLOR_NAME = AccentColor;
				CODE_SIGN_STYLE = Automatic;
				CURRENT_PROJECT_VERSION = 1;
				DEVELOPMENT_TEAM = JVGS8KMH8X;
				GENERATE_INFOPLIST_FILE = YES;
				INFOPLIST_FILE = "iOS Photos App/Info.plist";
				INFOPLIST_KEY_UIApplicationSupportsIndirectInputEvents = YES;
				INFOPLIST_KEY_UILaunchStoryboardName = LaunchScreen;
				INFOPLIST_KEY_UISupportedInterfaceOrientations_iPad = "UIInterfaceOrientationPortrait UIInterfaceOrientationPortraitUpsideDown UIInterfaceOrientationLandscapeLeft UIInterfaceOrientationLandscapeRight";
				INFOPLIST_KEY_UISupportedInterfaceOrientations_iPhone = "UIInterfaceOrientationPortrait UIInterfaceOrientationLandscapeLeft UIInterfaceOrientationLandscapeRight";
				LD_RUNPATH_SEARCH_PATHS = (
					"$(inherited)",
					"@executable_path/Frameworks",
				);
				MARKETING_VERSION = 1.0;
				PRODUCT_BUNDLE_IDENTIFIER = "com.my.iOS-Photos-App";
				PRODUCT_NAME = "$(TARGET_NAME)";
				SWIFT_EMIT_LOC_STRINGS = YES;
				SWIFT_VERSION = 5.0;
				TARGETED_DEVICE_FAMILY = "1,2";
			};
			name = Release;
		};
/* End XCBuildConfiguration section */

/* Begin XCConfigurationList section */
		93A3C61928C9012200D9CFA1 /* Build configuration list for PBXProject "iOS Photos App" */ = {
			isa = XCConfigurationList;
			buildConfigurations = (
				93A3C63028C9012500D9CFA1 /* Debug */,
				93A3C63128C9012500D9CFA1 /* Release */,
			);
			defaultConfigurationIsVisible = 0;
			defaultConfigurationName = Release;
		};
		93A3C63228C9012500D9CFA1 /* Build configuration list for PBXNativeTarget "iOS Photos App" */ = {
			isa = XCConfigurationList;
			buildConfigurations = (
				93A3C63328C9012500D9CFA1 /* Debug */,
				93A3C63428C9012500D9CFA1 /* Release */,
			);
			defaultConfigurationIsVisible = 0;
			defaultConfigurationName = Release;
		};
/* End XCConfigurationList section */

/* Begin XCRemoteSwiftPackageReference section */
		93A3C63A28C9064B00D9CFA1 /* XCRemoteSwiftPackageReference "SnapKit" */ = {
			isa = XCRemoteSwiftPackageReference;
			repositoryURL = "https://github.com/SnapKit/SnapKit.git";
			requirement = {
				kind = upToNextMajorVersion;
				minimumVersion = 5.0.0;
			};
		};
/* End XCRemoteSwiftPackageReference section */

/* Begin XCSwiftPackageProductDependency section */
		93A3C63B28C9064C00D9CFA1 /* SnapKit */ = {
			isa = XCSwiftPackageProductDependency;
			package = 93A3C63A28C9064B00D9CFA1 /* XCRemoteSwiftPackageReference "SnapKit" */;
			productName = SnapKit;
		};
/* End XCSwiftPackageProductDependency section */
	};
	rootObject = 93A3C61628C9012200D9CFA1 /* Project object */;
}
